// !$*UTF8*$!
{
	archiveVersion = 1;
	classes = {
	};
	objectVersion = 50;
	objects = {

/* Begin PBXBuildFile section */
		080EE205264849C600B4E204 /* AppDelegate.swift in Sources */ = {isa = PBXBuildFile; fileRef = 080EE204264849C600B4E204 /* AppDelegate.swift */; };
		080EE207264849C600B4E204 /* SceneDelegate.swift in Sources */ = {isa = PBXBuildFile; fileRef = 080EE206264849C600B4E204 /* SceneDelegate.swift */; };
		080EE209264849C600B4E204 /* CategoryViewController.swift in Sources */ = {isa = PBXBuildFile; fileRef = 080EE208264849C600B4E204 /* CategoryViewController.swift */; };
		080EE20C264849C600B4E204 /* Main.storyboard in Resources */ = {isa = PBXBuildFile; fileRef = 080EE20A264849C600B4E204 /* Main.storyboard */; };
		080EE20E264849C800B4E204 /* Assets.xcassets in Resources */ = {isa = PBXBuildFile; fileRef = 080EE20D264849C800B4E204 /* Assets.xcassets */; };
		080EE211264849C800B4E204 /* LaunchScreen.storyboard in Resources */ = {isa = PBXBuildFile; fileRef = 080EE20F264849C800B4E204 /* LaunchScreen.storyboard */; };
		080EE222264AFC8E00B4E204 /* CategoryCell.swift in Sources */ = {isa = PBXBuildFile; fileRef = 080EE221264AFC8E00B4E204 /* CategoryCell.swift */; };
		080EE226264B381500B4E204 /* RecipeAPI.swift in Sources */ = {isa = PBXBuildFile; fileRef = 080EE225264B381500B4E204 /* RecipeAPI.swift */; };
		080EE229264B398600B4E204 /* APICallResultTypes.swift in Sources */ = {isa = PBXBuildFile; fileRef = 080EE228264B398600B4E204 /* APICallResultTypes.swift */; };
		080EE22C264B463800B4E204 /* RecipeResultsViewController.swift in Sources */ = {isa = PBXBuildFile; fileRef = 080EE22B264B463800B4E204 /* RecipeResultsViewController.swift */; };
		080EE230264B5C3500B4E204 /* RecipeResultCell.swift in Sources */ = {isa = PBXBuildFile; fileRef = 080EE22F264B5C3500B4E204 /* RecipeResultCell.swift */; };
		080EE233264BC91500B4E204 /* RecipeViewController.swift in Sources */ = {isa = PBXBuildFile; fileRef = 080EE232264BC91500B4E204 /* RecipeViewController.swift */; };
		080EE236264CDECA00B4E204 /* RecipeHeaderCell.swift in Sources */ = {isa = PBXBuildFile; fileRef = 080EE235264CDECA00B4E204 /* RecipeHeaderCell.swift */; };
		080EE239264CDEE800B4E204 /* RecipeIngredientsCell.swift in Sources */ = {isa = PBXBuildFile; fileRef = 080EE238264CDEE800B4E204 /* RecipeIngredientsCell.swift */; };
		080EE23C264CDEFD00B4E204 /* RecipeInstructionsCell.swift in Sources */ = {isa = PBXBuildFile; fileRef = 080EE23B264CDEFD00B4E204 /* RecipeInstructionsCell.swift */; };
/* End PBXBuildFile section */

/* Begin PBXFileReference section */
		080EE201264849C600B4E204 /* RecipeApp.app */ = {isa = PBXFileReference; explicitFileType = wrapper.application; includeInIndex = 0; path = RecipeApp.app; sourceTree = BUILT_PRODUCTS_DIR; };
		080EE204264849C600B4E204 /* AppDelegate.swift */ = {isa = PBXFileReference; lastKnownFileType = sourcecode.swift; path = AppDelegate.swift; sourceTree = "<group>"; };
		080EE206264849C600B4E204 /* SceneDelegate.swift */ = {isa = PBXFileReference; lastKnownFileType = sourcecode.swift; path = SceneDelegate.swift; sourceTree = "<group>"; };
		080EE208264849C600B4E204 /* CategoryViewController.swift */ = {isa = PBXFileReference; lastKnownFileType = sourcecode.swift; path = CategoryViewController.swift; sourceTree = "<group>"; };
		080EE20B264849C600B4E204 /* Base */ = {isa = PBXFileReference; lastKnownFileType = file.storyboard; name = Base; path = Base.lproj/Main.storyboard; sourceTree = "<group>"; };
		080EE20D264849C800B4E204 /* Assets.xcassets */ = {isa = PBXFileReference; lastKnownFileType = folder.assetcatalog; path = Assets.xcassets; sourceTree = "<group>"; };
		080EE210264849C800B4E204 /* Base */ = {isa = PBXFileReference; lastKnownFileType = file.storyboard; name = Base; path = Base.lproj/LaunchScreen.storyboard; sourceTree = "<group>"; };
		080EE212264849C800B4E204 /* Info.plist */ = {isa = PBXFileReference; lastKnownFileType = text.plist.xml; path = Info.plist; sourceTree = "<group>"; };
		080EE221264AFC8E00B4E204 /* CategoryCell.swift */ = {isa = PBXFileReference; lastKnownFileType = sourcecode.swift; path = CategoryCell.swift; sourceTree = "<group>"; };
		080EE225264B381500B4E204 /* RecipeAPI.swift */ = {isa = PBXFileReference; lastKnownFileType = sourcecode.swift; path = RecipeAPI.swift; sourceTree = "<group>"; };
		080EE228264B398600B4E204 /* APICallResultTypes.swift */ = {isa = PBXFileReference; lastKnownFileType = sourcecode.swift; path = APICallResultTypes.swift; sourceTree = "<group>"; };
		080EE22B264B463800B4E204 /* RecipeResultsViewController.swift */ = {isa = PBXFileReference; lastKnownFileType = sourcecode.swift; path = RecipeResultsViewController.swift; sourceTree = "<group>"; };
		080EE22F264B5C3500B4E204 /* RecipeResultCell.swift */ = {isa = PBXFileReference; lastKnownFileType = sourcecode.swift; path = RecipeResultCell.swift; sourceTree = "<group>"; };
		080EE232264BC91500B4E204 /* RecipeViewController.swift */ = {isa = PBXFileReference; lastKnownFileType = sourcecode.swift; path = RecipeViewController.swift; sourceTree = "<group>"; };
		080EE235264CDECA00B4E204 /* RecipeHeaderCell.swift */ = {isa = PBXFileReference; lastKnownFileType = sourcecode.swift; path = RecipeHeaderCell.swift; sourceTree = "<group>"; };
		080EE238264CDEE800B4E204 /* RecipeIngredientsCell.swift */ = {isa = PBXFileReference; lastKnownFileType = sourcecode.swift; path = RecipeIngredientsCell.swift; sourceTree = "<group>"; };
		080EE23B264CDEFD00B4E204 /* RecipeInstructionsCell.swift */ = {isa = PBXFileReference; lastKnownFileType = sourcecode.swift; path = RecipeInstructionsCell.swift; sourceTree = "<group>"; };
/* End PBXFileReference section */

/* Begin PBXFrameworksBuildPhase section */
		080EE1FE264849C600B4E204 /* Frameworks */ = {
			isa = PBXFrameworksBuildPhase;
			buildActionMask = 2147483647;
			files = (
			);
			runOnlyForDeploymentPostprocessing = 0;
		};
/* End PBXFrameworksBuildPhase section */

/* Begin PBXGroup section */
		080EE1F8264849C600B4E204 = {
			isa = PBXGroup;
			children = (
				080EE203264849C600B4E204 /* RecipeApp */,
				080EE202264849C600B4E204 /* Products */,
			);
			sourceTree = "<group>";
		};
		080EE202264849C600B4E204 /* Products */ = {
			isa = PBXGroup;
			children = (
				080EE201264849C600B4E204 /* RecipeApp.app */,
			);
			name = Products;
			sourceTree = "<group>";
		};
		080EE203264849C600B4E204 /* RecipeApp */ = {
			isa = PBXGroup;
			children = (
				080EE204264849C600B4E204 /* AppDelegate.swift */,
				080EE221264AFC8E00B4E204 /* CategoryCell.swift */,
				080EE206264849C600B4E204 /* SceneDelegate.swift */,
				080EE232264BC91500B4E204 /* RecipeViewController.swift */,
				080EE208264849C600B4E204 /* CategoryViewController.swift */,
				080EE22F264B5C3500B4E204 /* RecipeResultCell.swift */,
				080EE22B264B463800B4E204 /* RecipeResultsViewController.swift */,
				080EE225264B381500B4E204 /* RecipeAPI.swift */,
				080EE228264B398600B4E204 /* APICallResultTypes.swift */,
				080EE20A264849C600B4E204 /* Main.storyboard */,
				080EE238264CDEE800B4E204 /* RecipeIngredientsCell.swift */,
				080EE23B264CDEFD00B4E204 /* RecipeInstructionsCell.swift */,
				080EE235264CDECA00B4E204 /* RecipeHeaderCell.swift */,
				080EE20D264849C800B4E204 /* Assets.xcassets */,
				080EE20F264849C800B4E204 /* LaunchScreen.storyboard */,
				080EE212264849C800B4E204 /* Info.plist */,
			);
			path = RecipeApp;
			sourceTree = "<group>";
		};
/* End PBXGroup section */

/* Begin PBXNativeTarget section */
		080EE200264849C600B4E204 /* RecipeApp */ = {
			isa = PBXNativeTarget;
			buildConfigurationList = 080EE215264849C800B4E204 /* Build configuration list for PBXNativeTarget "RecipeApp" */;
			buildPhases = (
				080EE1FD264849C600B4E204 /* Sources */,
				080EE1FE264849C600B4E204 /* Frameworks */,
				080EE1FF264849C600B4E204 /* Resources */,
			);
			buildRules = (
			);
			dependencies = (
			);
			name = RecipeApp;
			productName = RecipeApp;
			productReference = 080EE201264849C600B4E204 /* RecipeApp.app */;
			productType = "com.apple.product-type.application";
		};
/* End PBXNativeTarget section */

/* Begin PBXProject section */
		080EE1F9264849C600B4E204 /* Project object */ = {
			isa = PBXProject;
			attributes = {
				LastSwiftUpdateCheck = 1230;
				LastUpgradeCheck = 1230;
				TargetAttributes = {
					080EE200264849C600B4E204 = {
						CreatedOnToolsVersion = 12.3;
					};
				};
			};
			buildConfigurationList = 080EE1FC264849C600B4E204 /* Build configuration list for PBXProject "RecipeApp" */;
			compatibilityVersion = "Xcode 9.3";
			developmentRegion = en;
			hasScannedForEncodings = 0;
			knownRegions = (
				en,
				Base,
			);
			mainGroup = 080EE1F8264849C600B4E204;
			productRefGroup = 080EE202264849C600B4E204 /* Products */;
			projectDirPath = "";
			projectRoot = "";
			targets = (
				080EE200264849C600B4E204 /* RecipeApp */,
			);
		};
/* End PBXProject section */

/* Begin PBXResourcesBuildPhase section */
		080EE1FF264849C600B4E204 /* Resources */ = {
			isa = PBXResourcesBuildPhase;
			buildActionMask = 2147483647;
			files = (
				080EE211264849C800B4E204 /* LaunchScreen.storyboard in Resources */,
				080EE20E264849C800B4E204 /* Assets.xcassets in Resources */,
				080EE20C264849C600B4E204 /* Main.storyboard in Resources */,
			);
			runOnlyForDeploymentPostprocessing = 0;
		};
/* End PBXResourcesBuildPhase section */

/* Begin PBXSourcesBuildPhase section */
		080EE1FD264849C600B4E204 /* Sources */ = {
			isa = PBXSourcesBuildPhase;
			buildActionMask = 2147483647;
			files = (
				080EE239264CDEE800B4E204 /* RecipeIngredientsCell.swift in Sources */,
				080EE230264B5C3500B4E204 /* RecipeResultCell.swift in Sources */,
				080EE209264849C600B4E204 /* CategoryViewController.swift in Sources */,
				080EE205264849C600B4E204 /* AppDelegate.swift in Sources */,
				080EE23C264CDEFD00B4E204 /* RecipeInstructionsCell.swift in Sources */,
				080EE226264B381500B4E204 /* RecipeAPI.swift in Sources */,
				080EE207264849C600B4E204 /* SceneDelegate.swift in Sources */,
				080EE222264AFC8E00B4E204 /* CategoryCell.swift in Sources */,
				080EE22C264B463800B4E204 /* RecipeResultsViewController.swift in Sources */,
				080EE229264B398600B4E204 /* APICallResultTypes.swift in Sources */,
				080EE236264CDECA00B4E204 /* RecipeHeaderCell.swift in Sources */,
				080EE233264BC91500B4E204 /* RecipeViewController.swift in Sources */,
			);
			runOnlyForDeploymentPostprocessing = 0;
		};
/* End PBXSourcesBuildPhase section */

/* Begin PBXVariantGroup section */
		080EE20A264849C600B4E204 /* Main.storyboard */ = {
			isa = PBXVariantGroup;
			children = (
				080EE20B264849C600B4E204 /* Base */,
			);
			name = Main.storyboard;
			sourceTree = "<group>";
		};
		080EE20F264849C800B4E204 /* LaunchScreen.storyboard */ = {
			isa = PBXVariantGroup;
			children = (
				080EE210264849C800B4E204 /* Base */,
			);
			name = LaunchScreen.storyboard;
			sourceTree = "<group>";
		};
/* End PBXVariantGroup section */

/* Begin XCBuildConfiguration section */
		080EE213264849C800B4E204 /* Debug */ = {
			isa = XCBuildConfiguration;
			buildSettings = {
				ALWAYS_SEARCH_USER_PATHS = NO;
				CLANG_ANALYZER_NONNULL = YES;
				CLANG_ANALYZER_NUMBER_OBJECT_CONVERSION = YES_AGGRESSIVE;
				CLANG_CXX_LANGUAGE_STANDARD = "gnu++14";
				CLANG_CXX_LIBRARY = "libc++";
				CLANG_ENABLE_MODULES = YES;
				CLANG_ENABLE_OBJC_ARC = YES;
				CLANG_ENABLE_OBJC_WEAK = YES;
				CLANG_WARN_BLOCK_CAPTURE_AUTORELEASING = YES;
				CLANG_WARN_BOOL_CONVERSION = YES;
				CLANG_WARN_COMMA = YES;
				CLANG_WARN_CONSTANT_CONVERSION = YES;
				CLANG_WARN_DEPRECATED_OBJC_IMPLEMENTATIONS = YES;
				CLANG_WARN_DIRECT_OBJC_ISA_USAGE = YES_ERROR;
				CLANG_WARN_DOCUMENTATION_COMMENTS = YES;
				CLANG_WARN_EMPTY_BODY = YES;
				CLANG_WARN_ENUM_CONVERSION = YES;
				CLANG_WARN_INFINITE_RECURSION = YES;
				CLANG_WARN_INT_CONVERSION = YES;
				CLANG_WARN_NON_LITERAL_NULL_CONVERSION = YES;
				CLANG_WARN_OBJC_IMPLICIT_RETAIN_SELF = YES;
				CLANG_WARN_OBJC_LITERAL_CONVERSION = YES;
				CLANG_WARN_OBJC_ROOT_CLASS = YES_ERROR;
				CLANG_WARN_QUOTED_INCLUDE_IN_FRAMEWORK_HEADER = YES;
				CLANG_WARN_RANGE_LOOP_ANALYSIS = YES;
				CLANG_WARN_STRICT_PROTOTYPES = YES;
				CLANG_WARN_SUSPICIOUS_MOVE = YES;
				CLANG_WARN_UNGUARDED_AVAILABILITY = YES_AGGRESSIVE;
				CLANG_WARN_UNREACHABLE_CODE = YES;
				CLANG_WARN__DUPLICATE_METHOD_MATCH = YES;
				COPY_PHASE_STRIP = NO;
				DEBUG_INFORMATION_FORMAT = dwarf;
				ENABLE_STRICT_OBJC_MSGSEND = YES;
				ENABLE_TESTABILITY = YES;
				GCC_C_LANGUAGE_STANDARD = gnu11;
				GCC_DYNAMIC_NO_PIC = NO;
				GCC_NO_COMMON_BLOCKS = YES;
				GCC_OPTIMIZATION_LEVEL = 0;
				GCC_PREPROCESSOR_DEFINITIONS = (
					"DEBUG=1",
					"$(inherited)",
				);
				GCC_WARN_64_TO_32_BIT_CONVERSION = YES;
				GCC_WARN_ABOUT_RETURN_TYPE = YES_ERROR;
				GCC_WARN_UNDECLARED_SELECTOR = YES;
				GCC_WARN_UNINITIALIZED_AUTOS = YES_AGGRESSIVE;
				GCC_WARN_UNUSED_FUNCTION = YES;
				GCC_WARN_UNUSED_VARIABLE = YES;
				IPHONEOS_DEPLOYMENT_TARGET = 14.3;
				MTL_ENABLE_DEBUG_INFO = INCLUDE_SOURCE;
				MTL_FAST_MATH = YES;
				ONLY_ACTIVE_ARCH = YES;
				SDKROOT = iphoneos;
				SWIFT_ACTIVE_COMPILATION_CONDITIONS = DEBUG;
				SWIFT_OPTIMIZATION_LEVEL = "-Onone";
			};
			name = Debug;
		};
		080EE214264849C800B4E204 /* Release */ = {
			isa = XCBuildConfiguration;
			buildSettings = {
				ALWAYS_SEARCH_USER_PATHS = NO;
				CLANG_ANALYZER_NONNULL = YES;
				CLANG_ANALYZER_NUMBER_OBJECT_CONVERSION = YES_AGGRESSIVE;
				CLANG_CXX_LANGUAGE_STANDARD = "gnu++14";
				CLANG_CXX_LIBRARY = "libc++";
				CLANG_ENABLE_MODULES = YES;
				CLANG_ENABLE_OBJC_ARC = YES;
				CLANG_ENABLE_OBJC_WEAK = YES;
				CLANG_WARN_BLOCK_CAPTURE_AUTORELEASING = YES;
				CLANG_WARN_BOOL_CONVERSION = YES;
				CLANG_WARN_COMMA = YES;
				CLANG_WARN_CONSTANT_CONVERSION = YES;
				CLANG_WARN_DEPRECATED_OBJC_IMPLEMENTATIONS = YES;
				CLANG_WARN_DIRECT_OBJC_ISA_USAGE = YES_ERROR;
				CLANG_WARN_DOCUMENTATION_COMMENTS = YES;
				CLANG_WARN_EMPTY_BODY = YES;
				CLANG_WARN_ENUM_CONVERSION = YES;
				CLANG_WARN_INFINITE_RECURSION = YES;
				CLANG_WARN_INT_CONVERSION = YES;
				CLANG_WARN_NON_LITERAL_NULL_CONVERSION = YES;
				CLANG_WARN_OBJC_IMPLICIT_RETAIN_SELF = YES;
				CLANG_WARN_OBJC_LITERAL_CONVERSION = YES;
				CLANG_WARN_OBJC_ROOT_CLASS = YES_ERROR;
				CLANG_WARN_QUOTED_INCLUDE_IN_FRAMEWORK_HEADER = YES;
				CLANG_WARN_RANGE_LOOP_ANALYSIS = YES;
				CLANG_WARN_STRICT_PROTOTYPES = YES;
				CLANG_WARN_SUSPICIOUS_MOVE = YES;
				CLANG_WARN_UNGUARDED_AVAILABILITY = YES_AGGRESSIVE;
				CLANG_WARN_UNREACHABLE_CODE = YES;
				CLANG_WARN__DUPLICATE_METHOD_MATCH = YES;
				COPY_PHASE_STRIP = NO;
				DEBUG_INFORMATION_FORMAT = "dwarf-with-dsym";
				ENABLE_NS_ASSERTIONS = NO;
				ENABLE_STRICT_OBJC_MSGSEND = YES;
				GCC_C_LANGUAGE_STANDARD = gnu11;
				GCC_NO_COMMON_BLOCKS = YES;
				GCC_WARN_64_TO_32_BIT_CONVERSION = YES;
				GCC_WARN_ABOUT_RETURN_TYPE = YES_ERROR;
				GCC_WARN_UNDECLARED_SELECTOR = YES;
				GCC_WARN_UNINITIALIZED_AUTOS = YES_AGGRESSIVE;
				GCC_WARN_UNUSED_FUNCTION = YES;
				GCC_WARN_UNUSED_VARIABLE = YES;
				IPHONEOS_DEPLOYMENT_TARGET = 14.3;
				MTL_ENABLE_DEBUG_INFO = NO;
				MTL_FAST_MATH = YES;
				SDKROOT = iphoneos;
				SWIFT_COMPILATION_MODE = wholemodule;
				SWIFT_OPTIMIZATION_LEVEL = "-O";
				VALIDATE_PRODUCT = YES;
			};
			name = Release;
		};
		080EE216264849C800B4E204 /* Debug */ = {
			isa = XCBuildConfiguration;
			buildSettings = {
				ASSETCATALOG_COMPILER_APPICON_NAME = AppIcon;
				ASSETCATALOG_COMPILER_GLOBAL_ACCENT_COLOR_NAME = AccentColor;
				CODE_SIGN_STYLE = Automatic;
				DEVELOPMENT_TEAM = C75KF3WH25;
				INFOPLIST_FILE = RecipeApp/Info.plist;
				LD_RUNPATH_SEARCH_PATHS = (
					"$(inherited)",
					"@executable_path/Frameworks",
				);
				PRODUCT_BUNDLE_IDENTIFIER = BCaldera.RecipeApp;
				PRODUCT_NAME = "$(TARGET_NAME)";
				SWIFT_VERSION = 5.0;
				TARGETED_DEVICE_FAMILY = "1,2";
			};
			name = Debug;
		};
		080EE217264849C800B4E204 /* Release */ = {
			isa = XCBuildConfiguration;
			buildSettings = {
				ASSETCATALOG_COMPILER_APPICON_NAME = AppIcon;
				ASSETCATALOG_COMPILER_GLOBAL_ACCENT_COLOR_NAME = AccentColor;
				CODE_SIGN_STYLE = Automatic;
				DEVELOPMENT_TEAM = C75KF3WH25;
				INFOPLIST_FILE = RecipeApp/Info.plist;
				LD_RUNPATH_SEARCH_PATHS = (
					"$(inherited)",
					"@executable_path/Frameworks",
				);
				PRODUCT_BUNDLE_IDENTIFIER = BCaldera.RecipeApp;
				PRODUCT_NAME = "$(TARGET_NAME)";
				SWIFT_VERSION = 5.0;
				TARGETED_DEVICE_FAMILY = "1,2";
			};
			name = Release;
		};
/* End XCBuildConfiguration section */

/* Begin XCConfigurationList section */
		080EE1FC264849C600B4E204 /* Build configuration list for PBXProject "RecipeApp" */ = {
			isa = XCConfigurationList;
			buildConfigurations = (
				080EE213264849C800B4E204 /* Debug */,
				080EE214264849C800B4E204 /* Release */,
			);
			defaultConfigurationIsVisible = 0;
			defaultConfigurationName = Release;
		};
		080EE215264849C800B4E204 /* Build configuration list for PBXNativeTarget "RecipeApp" */ = {
			isa = XCConfigurationList;
			buildConfigurations = (
				080EE216264849C800B4E204 /* Debug */,
				080EE217264849C800B4E204 /* Release */,
			);
			defaultConfigurationIsVisible = 0;
			defaultConfigurationName = Release;
		};
/* End XCConfigurationList section */
	};
	rootObject = 080EE1F9264849C600B4E204 /* Project object */;
}
